
Microsoft Visual Studio Solution File, Format Version 12.00
# Visual Studio Version 17
VisualStudioVersion = 17.11.35208.52
MinimumVisualStudioVersion = 10.0.40219.1
Project("{FAE04EC0-301F-11D3-BF4B-00C04F79EFBC}") = "PRUEBA.Server", "PRUEBA\Server\PRUEBA.Server.csproj", "{F7A68235-C0BE-424B-BEB5-E8ECFE790A9D}"
EndProject
Project("{FAE04EC0-301F-11D3-BF4B-00C04F79EFBC}") = "PRUEBA.Client", "PRUEBA\Client\PRUEBA.Client.csproj", "{A95E27CE-E59B-4D8B-853C-32609BCA86E4}"
EndProject
Project("{FAE04EC0-301F-11D3-BF4B-00C04F79EFBC}") = "PRUEBA.Shared", "PRUEBA\Shared\PRUEBA.Shared.csproj", "{4E411E80-BDAD-4506-B29D-547FF9FA9F03}"
EndProject
Global
	GlobalSection(SolutionConfigurationPlatforms) = preSolution
		Debug|Any CPU = Debug|Any CPU
		Release|Any CPU = Release|Any CPU
	EndGlobalSection
	GlobalSection(ProjectConfigurationPlatforms) = postSolution
		{F7A68235-C0BE-424B-BEB5-E8ECFE790A9D}.Debug|Any CPU.ActiveCfg = Debug|Any CPU
		{F7A68235-C0BE-424B-BEB5-E8ECFE790A9D}.Debug|Any CPU.Build.0 = Debug|Any CPU
		{F7A68235-C0BE-424B-BEB5-E8ECFE790A9D}.Release|Any CPU.ActiveCfg = Release|Any CPU
		{F7A68235-C0BE-424B-BEB5-E8ECFE790A9D}.Release|Any CPU.Build.0 = Release|Any CPU
		{A95E27CE-E59B-4D8B-853C-32609BCA86E4}.Debug|Any CPU.ActiveCfg = Debug|Any CPU
		{A95E27CE-E59B-4D8B-853C-32609BCA86E4}.Debug|Any CPU.Build.0 = Debug|Any CPU
		{A95E27CE-E59B-4D8B-853C-32609BCA86E4}.Release|Any CPU.ActiveCfg = Release|Any CPU
		{A95E27CE-E59B-4D8B-853C-32609BCA86E4}.Release|Any CPU.Build.0 = Release|Any CPU
		{4E411E80-BDAD-4506-B29D-547FF9FA9F03}.Debug|Any CPU.ActiveCfg = Debug|Any CPU
		{4E411E80-BDAD-4506-B29D-547FF9FA9F03}.Debug|Any CPU.Build.0 = Debug|Any CPU
		{4E411E80-BDAD-4506-B29D-547FF9FA9F03}.Release|Any CPU.ActiveCfg = Release|Any CPU
		{4E411E80-BDAD-4506-B29D-547FF9FA9F03}.Release|Any CPU.Build.0 = Release|Any CPU
	EndGlobalSection
	GlobalSection(SolutionProperties) = preSolution
		HideSolutionNode = FALSE
	EndGlobalSection
	GlobalSection(ExtensibilityGlobals) = postSolution
		SolutionGuid = {8923432A-A98D-4F27-A920-9C131868C36E}
	EndGlobalSection
EndGlobal
